# test_case_coverage.lock.yaml — auto-generated by test_case_coverage
# Run `bazel run @@//score/mw/log/dependability:component_mw_log_backend.update` to refresh.
schema_version: 3
requirements:
- id: MwLog.AutosarLogTraceSpec
  version: '1'
  description: 'mw::log shall implement "Specification of Log and Trace for Adaptive
    Platform". Release

    of specification used shall be in agreement with the rest of Adaptive AUTOSAR
    stack.'
  test_cases:
  - uid: //score/mw/log/dependability/DltMessageBuilderFixture:ShallDepleteAfterHeaderAndPayload
    given: ''
    when: ''
    then: ''
- id: MwLog.AvoidLocks
  version: '1'
  description: 'mw::log shall be free of time-unbound locks and shall implement strategies
    to limit wait

    time. Mutual exclusion mechanisms shall include priority inversion protection.'
  test_cases:
  - uid: //score/mw/log/dependability/WaitFreeLinearWriter:EnsureAtomicRequirements
    given: ''
    when: ''
    then: ''
- id: MwLog.AvoidSignalProcessing
  version: '1'
  description: The component shall not register any signal handler.
  test_cases: []
- id: MwLog.CrossLockingPrevention
  version: '1'
  description: 'Cross-application and cross-thread dependencies shall be avoided.
    A thread logging in a

    loop shall not block other thread''s execution.'
  test_cases:
  - uid: //score/mw/log/dependability/WaitFreeAlternatingWriterTests:EnsureAtomicRequirements
    given: ''
    when: ''
    then: ''
  - uid: //score/mw/log/dependability/WaitFreeLinearWriter:EnsureAtomicRequirements
    given: ''
    when: ''
    then: ''
- id: MwLog.DltVerboseMode
  version: '1'
  description: 'mw::log shall implement DLT verbose mode. Generation of messages shall
    be done in

    DLT-conform format, allowing messages to be sent by Datarouter without additional
    reprocessing.'
  test_cases:
  - uid: //score/mw/log/dependability/DataRouterBackendFixture:LogLevelVerbose
    given: ''
    when: ''
    then: ''
- id: MwLog.FileDescriptorFlags
  version: '1'
  description: 'The component shall set the FD_CLOEXEC (or O_CLOEXEC) flag on all
    the file descriptors

    it owns.'
  test_cases:
  - uid: //score/mw/log/dependability/FileRecorderFactoryConfigFixture:FileConfigurionShallCallFileCreationAndReturnFileRecorder
    given: ''
    when: ''
    then: ''
  - uid: //score/mw/log/dependability/WriterFactoryFixture:WhenTheFileExistsItShallBeUnlinked
    given: a shared-memory file already exists on disk
    when: the writer factory (re-)creates the shared-memory file
    then: 'the existing file is unlinked and re-created read-only for group and others
      :Description: Verifies the ability of unlink the exist file. The component shall
      set the FD_CLOEXEC (or O_CLOEXEC) flag on all the file descriptor it owns :Testtype:
      requirements-based :Derivationtechnique: Analysis of requirements :Parentrequirement:
      SCR-1016729, SCR-26319707 :Asil: B :Testingtechnique: Requirements-based test
      :Priority: 3'
- id: MwLog.ForwardToSystemLogger
  version: '1'
  description: 'The system logger backend shall forward the logs to the native system
    logger mechanism.

    Under QNX, slogger2 shall be used.'
  test_cases: []
- id: MwLog.InactiveLogStreamBehavior
  version: '1'
  description: 'mw::log library shall not perform any useful activity if log level
    of LogStream object is

    insufficient for given context. LogStream object shall not generate serialized
    messages if the severity of

    the message does not allow it to be sent.'
  test_cases: []
- id: MwLog.IndexAndSizeChecking
  version: '1'
  description: 'Indices in data structures and sizes of data accessed or copied shall
    be checked for

    plausibility to avoid high runtime utilization through long iterations or data
    corruption.'
  test_cases: []
- id: MwLog.LocalAllocationStrategy
  version: '1'
  description: 'mw::log shall use local allocators to avoid using global heap. Global
    heap allocation

    (if any) shall be limited to the initialization phase of application lifecycle.'
  test_cases: []
- id: MwLog.MemoryBoundChecking
  version: '1'
  description: Memory boundaries shall be explicitly checked when writing to shared
    memory.
  test_cases:
  - uid: //score/mw/log/dependability/SharedMemoryReaderFixture:GetterShallReadSharedDataNumberOfDropsInvalidSize
    given: ''
    when: ''
    then: ''
- id: MwLog.NoEndlessLoops
  version: '1'
  description: mw::log shall not contain unbound loops or loops with unchecked exit
    conditions.
  test_cases: []
- id: MwLog.SendMessagesToDatarouter
  version: '1'
  description: 'mw::log shall use logging library to send verbose messages to datarouter.
    Applications

    shall use mw::log interface to log verbose mode messages. Internally mw::log shall
    be using logging

    library.'
  test_cases: []
- id: MwLog.ShmFilePermissions
  version: '1'
  description: 'Logging shared-memory files shall have read-only posix file permission
    for group and

    others. The shared-memory file created by mw::log shall be read-only for group
    and others.'
  test_cases:
  - uid: //score/mw/log/dependability/WriterFactoryFixture:WhenTheFileExistsItShallBeUnlinked
    given: a shared-memory file already exists on disk
    when: the writer factory (re-)creates the shared-memory file
    then: 'the existing file is unlinked and re-created read-only for group and others
      :Description: Verifies the ability of unlink the exist file. The component shall
      set the FD_CLOEXEC (or O_CLOEXEC) flag on all the file descriptor it owns :Testtype:
      requirements-based :Derivationtechnique: Analysis of requirements :Parentrequirement:
      SCR-1016729, SCR-26319707 :Asil: B :Testingtechnique: Requirements-based test
      :Priority: 3'
- id: MwLog.SystemBackendActivation
  version: '1'
  description: 'The system logger backend shall be enabled if and only if the log
    mode contains

    "kSystem".'
  test_cases: []
